
Microsoft Visual Studio Solution File, Format Version 12.00
# Visual Studio Version 17
VisualStudioVersion = 17.12.35707.178
MinimumVisualStudioVersion = 10.0.40219.1
Project("{FAE04EC0-301F-11D3-BF4B-00C04F79EFBC}") = "MdAuthService", "MdAuthService\MdAuthService.csproj", "{CBD3D9FA-72A5-4DCA-83E6-FBA634783568}"
EndProject
Project("{FAE04EC0-301F-11D3-BF4B-00C04F79EFBC}") = "MdBookService", "MdBookService\MdBookService.csproj", "{11657D65-520B-43B4-8764-82DB76EF0CAF}"
EndProject
Project("{FAE04EC0-301F-11D3-BF4B-00C04F79EFBC}") = "MdBorrowService", "MdBorrowService\MdBorrowService.csproj", "{79EF84F2-3024-4872-A828-12552D27B3AA}"
EndProject
Project("{FAE04EC0-301F-11D3-BF4B-00C04F79EFBC}") = "MdGateway", "MdGateway\MdGateway.csproj", "{E66040FA-62E3-46C8-9172-1AA64DDBDFA2}"
EndProject
Global
	GlobalSection(SolutionConfigurationPlatforms) = preSolution
		Debug|Any CPU = Debug|Any CPU
		Release|Any CPU = Release|Any CPU
	EndGlobalSection
	GlobalSection(ProjectConfigurationPlatforms) = postSolution
		{CBD3D9FA-72A5-4DCA-83E6-FBA634783568}.Debug|Any CPU.ActiveCfg = Debug|Any CPU
		{CBD3D9FA-72A5-4DCA-83E6-FBA634783568}.Debug|Any CPU.Build.0 = Debug|Any CPU
		{CBD3D9FA-72A5-4DCA-83E6-FBA634783568}.Release|Any CPU.ActiveCfg = Release|Any CPU
		{CBD3D9FA-72A5-4DCA-83E6-FBA634783568}.Release|Any CPU.Build.0 = Release|Any CPU
		{11657D65-520B-43B4-8764-82DB76EF0CAF}.Debug|Any CPU.ActiveCfg = Debug|Any CPU
		{11657D65-520B-43B4-8764-82DB76EF0CAF}.Debug|Any CPU.Build.0 = Debug|Any CPU
		{11657D65-520B-43B4-8764-82DB76EF0CAF}.Release|Any CPU.ActiveCfg = Release|Any CPU
		{11657D65-520B-43B4-8764-82DB76EF0CAF}.Release|Any CPU.Build.0 = Release|Any CPU
		{79EF84F2-3024-4872-A828-12552D27B3AA}.Debug|Any CPU.ActiveCfg = Debug|Any CPU
		{79EF84F2-3024-4872-A828-12552D27B3AA}.Debug|Any CPU.Build.0 = Debug|Any CPU
		{79EF84F2-3024-4872-A828-12552D27B3AA}.Release|Any CPU.ActiveCfg = Release|Any CPU
		{79EF84F2-3024-4872-A828-12552D27B3AA}.Release|Any CPU.Build.0 = Release|Any CPU
		{E66040FA-62E3-46C8-9172-1AA64DDBDFA2}.Debug|Any CPU.ActiveCfg = Debug|Any CPU
		{E66040FA-62E3-46C8-9172-1AA64DDBDFA2}.Debug|Any CPU.Build.0 = Debug|Any CPU
		{E66040FA-62E3-46C8-9172-1AA64DDBDFA2}.Release|Any CPU.ActiveCfg = Release|Any CPU
		{E66040FA-62E3-46C8-9172-1AA64DDBDFA2}.Release|Any CPU.Build.0 = Release|Any CPU
	EndGlobalSection
	GlobalSection(SolutionProperties) = preSolution
		HideSolutionNode = FALSE
	EndGlobalSection
EndGlobal
